<?xml version="1.0" encoding="utf-8"?>
<Project ToolsVersion="4.0" xmlns="http://schemas.microsoft.com/developer/msbuild/2003">
  <ItemGroup>
    <Filter Include="include">
      <UniqueIdentifier>{89AF369E-F58E-B539-FEA6-40106A051C9B}</UniqueIdentifier>
    </Filter>
    <Filter Include="include\file">
      <UniqueIdentifier>{7808DB69-646B-6A0E-0DF1-A2C4F9323691}</UniqueIdentifier>
    </Filter>
    <Filter Include="include\input">
      <UniqueIdentifier>{683275A5-D4F2-F0DB-9D2D-3A5909AD35B8}</UniqueIdentifier>
    </Filter>
    <Filter Include="include\menus">
      <UniqueIdentifier>{809CB8A5-EC5C-34DC-B597-7D59211779B8}</UniqueIdentifier>
    </Filter>
    <Filter Include="include\menus\function">
      <UniqueIdentifier>{F559BAC5-E153-E317-CAC0-7928B6594984}</UniqueIdentifier>
    </Filter>
    <Filter Include="include\output">
      <UniqueIdentifier>{893B9B62-7509-8F68-5E9D-FF8E4A0A6BCD}</UniqueIdentifier>
    </Filter>
    <Filter Include="include\output\println">
      <UniqueIdentifier>{5FD065F1-4BCA-8E43-3437-255420D0F4AF}</UniqueIdentifier>
    </Filter>
    <Filter Include="src">
      <UniqueIdentifier>{2DAB880B-99B4-887C-2230-9F7C8E38947C}</UniqueIdentifier>
    </Filter>
    <Filter Include="src\input">
      <UniqueIdentifier>{0C5966B5-78C3-1A2C-C101-CCD12DABF880}</UniqueIdentifier>
    </Filter>
    <Filter Include="src\output">
      <UniqueIdentifier>{AD36B170-99EE-F2BD-02F6-CB19EECC8DAE}</UniqueIdentifier>
    </Filter>
    <Filter Include="src\output\println">
      <UniqueIdentifier>{83AFC6A8-6F93-87FE-D8F3-8151C4F67180}</UniqueIdentifier>
    </Filter>
  </ItemGroup>
  <ItemGroup>
    <ClInclude Include="include\file.hpp">
      <Filter>include</Filter>
    </ClInclude>
    <ClInclude Include="include\input.hpp">
      <Filter>include</Filter>
    </ClInclude>
    <ClInclude Include="include\input\input_function.hpp">
      <Filter>include\input</Filter>
    </ClInclude>
    <ClInclude Include="include\input\input_set.hpp">
      <Filter>include\input</Filter>
    </ClInclude>
    <ClInclude Include="include\input\pause.hpp">
      <Filter>include\input</Filter>
    </ClInclude>
    <ClInclude Include="include\menus.hpp">
      <Filter>include</Filter>
    </ClInclude>
    <ClInclude Include="include\menus\exit.hpp">
      <Filter>include\menus</Filter>
    </ClInclude>
    <ClInclude Include="include\menus\function.hpp">
      <Filter>include\menus</Filter>
    </ClInclude>
    <ClInclude Include="include\menus\function\default.hpp">
      <Filter>include\menus\function</Filter>
    </ClInclude>
    <ClInclude Include="include\menus\function\no_params.hpp">
      <Filter>include\menus\function</Filter>
    </ClInclude>
    <ClInclude Include="include\menus\function\void_params.hpp">
      <Filter>include\menus\function</Filter>
    </ClInclude>
    <ClInclude Include="include\menus\info.hpp">
      <Filter>include\menus</Filter>
    </ClInclude>
    <ClInclude Include="include\menus\input.hpp">
      <Filter>include\menus</Filter>
    </ClInclude>
    <ClInclude Include="include\menus\interface.hpp">
      <Filter>include\menus</Filter>
    </ClInclude>
    <ClInclude Include="include\menus\loop.hpp">
      <Filter>include\menus</Filter>
    </ClInclude>
    <ClInclude Include="include\menus\menu.hpp">
      <Filter>include\menus</Filter>
    </ClInclude>
    <ClInclude Include="include\output.hpp">
      <Filter>include</Filter>
    </ClInclude>
    <ClInclude Include="include\output\clear_screen.hpp">
      <Filter>include\output</Filter>
    </ClInclude>
    <ClInclude Include="include\output\header.hpp">
      <Filter>include\output</Filter>
    </ClInclude>
    <ClInclude Include="include\output\print.hpp">
      <Filter>include\output</Filter>
    </ClInclude>
    <ClInclude Include="include\output\println.hpp">
      <Filter>include\output</Filter>
    </ClInclude>
    <ClInclude Include="include\output\println\master.hpp">
      <Filter>include\output\println</Filter>
    </ClInclude>
    <ClInclude Include="include\output\println\set.hpp">
      <Filter>include\output\println</Filter>
    </ClInclude>
    <ClInclude Include="include\output\println\textf.hpp">
      <Filter>include\output\println</Filter>
    </ClInclude>
    <ClInclude Include="include\output\println\vector.hpp">
      <Filter>include\output\println</Filter>
    </ClInclude>
    <ClInclude Include="include\output\prompt.hpp">
      <Filter>include\output</Filter>
    </ClInclude>
    <ClInclude Include="include\output\word_wrap.hpp">
      <Filter>include\output</Filter>
    </ClInclude>
    <ClInclude Include="include\files\file.hpp">
      <Filter>include\file</Filter>
    </ClInclude>
    <ClInclude Include="include\files\load.hpp">
      <Filter>include\file</Filter>
    </ClInclude>
  </ItemGroup>
  <ItemGroup>
    <ClCompile Include="src\input\input_function.cpp">
      <Filter>src\input</Filter>
    </ClCompile>
    <ClCompile Include="src\input\input_set.cpp">
      <Filter>src\input</Filter>
    </ClCompile>
    <ClCompile Include="src\input\pause.cpp">
      <Filter>src\input</Filter>
    </ClCompile>
    <ClCompile Include="src\output\clear_screen.cpp">
      <Filter>src\output</Filter>
    </ClCompile>
    <ClCompile Include="src\output\header.cpp">
      <Filter>src\output</Filter>
    </ClCompile>
    <ClCompile Include="src\output\println\textf.cpp">
      <Filter>src\output\println</Filter>
    </ClCompile>
    <ClCompile Include="src\output\word_wrap.cpp">
      <Filter>src\output</Filter>
    </ClCompile>
    <ClCompile Include="src\menus\menu.cpp" />
    <ClCompile Include="src\menus\exit.cpp" />
    <ClCompile Include="src\menus\info.cpp" />
    <ClCompile Include="src\menus\loop.cpp" />
    <ClCompile Include="src\files\file.cpp" />
    <ClCompile Include="src\files\load.cpp" />
  </ItemGroup>
</Project>