<?xml version="1.0" encoding="utf-8"?>
<Project ToolsVersion="4.0" xmlns="http://schemas.microsoft.com/developer/msbuild/2003">
  <ItemGroup>
    <Filter Include="cons">
      <UniqueIdentifier>{D83F957C-C476-960D-6D63-7C105979120F}</UniqueIdentifier>
    </Filter>
    <Filter Include="cons\files">
      <UniqueIdentifier>{7A677FD5-661F-C122-CF26-9A7EBBFD5B13}</UniqueIdentifier>
    </Filter>
    <Filter Include="cons\input">
      <UniqueIdentifier>{F781B8D5-E339-FA22-4C41-D37E38189513}</UniqueIdentifier>
    </Filter>
    <Filter Include="cons\menus">
      <UniqueIdentifier>{0FECFBD5-FBA3-3D23-64AB-167F5082D813}</UniqueIdentifier>
    </Filter>
    <Filter Include="cons\menus\function">
      <UniqueIdentifier>{649A0D76-D0FB-EA83-5969-3136C5C92143}</UniqueIdentifier>
    </Filter>
    <Filter Include="cons\output">
      <UniqueIdentifier>{F87C489B-6432-C190-ED26-BB6759DBB794}</UniqueIdentifier>
    </Filter>
    <Filter Include="cons\output\println">
      <UniqueIdentifier>{CE10B9A1-3A72-96AF-C3DF-DC612F40CD6E}</UniqueIdentifier>
    </Filter>
    <Filter Include="src">
      <UniqueIdentifier>{2DAB880B-99B4-887C-2230-9F7C8E38947C}</UniqueIdentifier>
    </Filter>
    <Filter Include="src\files">
      <UniqueIdentifier>{8F3E2DB5-FBA8-E12B-44E7-92D1B090BF80}</UniqueIdentifier>
    </Filter>
    <Filter Include="src\input">
      <UniqueIdentifier>{0C5966B5-78C3-1A2C-C101-CCD12DABF880}</UniqueIdentifier>
    </Filter>
    <Filter Include="src\menus">
      <UniqueIdentifier>{24C3A9B5-902D-5E2C-D96B-0FD245153C81}</UniqueIdentifier>
    </Filter>
    <Filter Include="src\output">
      <UniqueIdentifier>{AD36B170-99EE-F2BD-02F6-CB19EECC8DAE}</UniqueIdentifier>
    </Filter>
    <Filter Include="src\output\println">
      <UniqueIdentifier>{83AFC6A8-6F93-87FE-D8F3-8151C4F67180}</UniqueIdentifier>
    </Filter>
  </ItemGroup>
  <ItemGroup>
    <ClInclude Include="cons\file.hpp">
      <Filter>cons</Filter>
    </ClInclude>
    <ClInclude Include="cons\files\file.hpp">
      <Filter>cons\files</Filter>
    </ClInclude>
    <ClInclude Include="cons\files\load.hpp">
      <Filter>cons\files</Filter>
    </ClInclude>
    <ClInclude Include="cons\input.hpp">
      <Filter>cons</Filter>
    </ClInclude>
    <ClInclude Include="cons\input\input_function.hpp">
      <Filter>cons\input</Filter>
    </ClInclude>
    <ClInclude Include="cons\input\input_set.hpp">
      <Filter>cons\input</Filter>
    </ClInclude>
    <ClInclude Include="cons\input\pause.hpp">
      <Filter>cons\input</Filter>
    </ClInclude>
    <ClInclude Include="cons\menus.hpp">
      <Filter>cons</Filter>
    </ClInclude>
    <ClInclude Include="cons\menus\exit.hpp">
      <Filter>cons\menus</Filter>
    </ClInclude>
    <ClInclude Include="cons\menus\function.hpp">
      <Filter>cons\menus</Filter>
    </ClInclude>
    <ClInclude Include="cons\menus\function\default.hpp">
      <Filter>cons\menus\function</Filter>
    </ClInclude>
    <ClInclude Include="cons\menus\function\no_params.hpp">
      <Filter>cons\menus\function</Filter>
    </ClInclude>
    <ClInclude Include="cons\menus\function\void_params.hpp">
      <Filter>cons\menus\function</Filter>
    </ClInclude>
    <ClInclude Include="cons\menus\info.hpp">
      <Filter>cons\menus</Filter>
    </ClInclude>
    <ClInclude Include="cons\menus\input.hpp">
      <Filter>cons\menus</Filter>
    </ClInclude>
    <ClInclude Include="cons\menus\interface.hpp">
      <Filter>cons\menus</Filter>
    </ClInclude>
    <ClInclude Include="cons\menus\loop.hpp">
      <Filter>cons\menus</Filter>
    </ClInclude>
    <ClInclude Include="cons\menus\menu.hpp">
      <Filter>cons\menus</Filter>
    </ClInclude>
    <ClInclude Include="cons\output.hpp">
      <Filter>cons</Filter>
    </ClInclude>
    <ClInclude Include="cons\output\clear_screen.hpp">
      <Filter>cons\output</Filter>
    </ClInclude>
    <ClInclude Include="cons\output\header.hpp">
      <Filter>cons\output</Filter>
    </ClInclude>
    <ClInclude Include="cons\output\print.hpp">
      <Filter>cons\output</Filter>
    </ClInclude>
    <ClInclude Include="cons\output\println.hpp">
      <Filter>cons\output</Filter>
    </ClInclude>
    <ClInclude Include="cons\output\println\master.hpp">
      <Filter>cons\output\println</Filter>
    </ClInclude>
    <ClInclude Include="cons\output\println\set.hpp">
      <Filter>cons\output\println</Filter>
    </ClInclude>
    <ClInclude Include="cons\output\println\textf.hpp">
      <Filter>cons\output\println</Filter>
    </ClInclude>
    <ClInclude Include="cons\output\println\vector.hpp">
      <Filter>cons\output\println</Filter>
    </ClInclude>
    <ClInclude Include="cons\output\prompt.hpp">
      <Filter>cons\output</Filter>
    </ClInclude>
    <ClInclude Include="cons\output\word_wrap.hpp">
      <Filter>cons\output</Filter>
    </ClInclude>
  </ItemGroup>
  <ItemGroup>
    <ClCompile Include="src\files\file.cpp">
      <Filter>src\files</Filter>
    </ClCompile>
    <ClCompile Include="src\files\load.cpp">
      <Filter>src\files</Filter>
    </ClCompile>
    <ClCompile Include="src\input\input_function.cpp">
      <Filter>src\input</Filter>
    </ClCompile>
    <ClCompile Include="src\input\input_set.cpp">
      <Filter>src\input</Filter>
    </ClCompile>
    <ClCompile Include="src\input\pause.cpp">
      <Filter>src\input</Filter>
    </ClCompile>
    <ClCompile Include="src\menus\exit.cpp">
      <Filter>src\menus</Filter>
    </ClCompile>
    <ClCompile Include="src\menus\info.cpp">
      <Filter>src\menus</Filter>
    </ClCompile>
    <ClCompile Include="src\menus\loop.cpp">
      <Filter>src\menus</Filter>
    </ClCompile>
    <ClCompile Include="src\menus\menu.cpp">
      <Filter>src\menus</Filter>
    </ClCompile>
    <ClCompile Include="src\output\clear_screen.cpp">
      <Filter>src\output</Filter>
    </ClCompile>
    <ClCompile Include="src\output\header.cpp">
      <Filter>src\output</Filter>
    </ClCompile>
    <ClCompile Include="src\output\println\textf.cpp">
      <Filter>src\output\println</Filter>
    </ClCompile>
    <ClCompile Include="src\output\word_wrap.cpp">
      <Filter>src\output</Filter>
    </ClCompile>
  </ItemGroup>
</Project>